// !$*UTF8*$!
{
	archiveVersion = 1;
	classes = {
	};
	objectVersion = 46;
	objects = {

/* Begin PBXBuildFile section */
		065028AE5D502170DB421BFB /* libPods-weexplus.a in Frameworks */ = {isa = PBXBuildFile; fileRef = 040ECBF4AF538C64A3AC2E9B /* libPods-weexplus.a */; };
		4D26653C1ECD84CD00664B38 /* main.m in Sources */ = {isa = PBXBuildFile; fileRef = 4D26653B1ECD84CD00664B38 /* main.m */; };
		4D26653F1ECD84CD00664B38 /* AppDelegate.m in Sources */ = {isa = PBXBuildFile; fileRef = 4D26653E1ECD84CD00664B38 /* AppDelegate.m */; };
		4D2665451ECD84CD00664B38 /* Main.storyboard in Resources */ = {isa = PBXBuildFile; fileRef = 4D2665431ECD84CD00664B38 /* Main.storyboard */; };
		4D2665471ECD84CD00664B38 /* Assets.xcassets in Resources */ = {isa = PBXBuildFile; fileRef = 4D2665461ECD84CD00664B38 /* Assets.xcassets */; };
		4D3CC5521FD4E6FB002D3ED8 /* LaunchScreen.storyboard in Resources */ = {isa = PBXBuildFile; fileRef = 4D3CC5511FD4E6FB002D3ED8 /* LaunchScreen.storyboard */; };
		4D92AA151F4D5BD900493BCF /* app in Resources */ = {isa = PBXBuildFile; fileRef = 4D92AA141F4D5BD900493BCF /* app */; };
/* End PBXBuildFile section */

/* Begin PBXFileReference section */
		040ECBF4AF538C64A3AC2E9B /* libPods-weexplus.a */ = {isa = PBXFileReference; explicitFileType = archive.ar; includeInIndex = 0; path = "libPods-weexplus.a"; sourceTree = BUILT_PRODUCTS_DIR; };
		4D2665371ECD84CD00664B38 /* weexplus.app */ = {isa = PBXFileReference; explicitFileType = wrapper.application; includeInIndex = 0; path = weexplus.app; sourceTree = BUILT_PRODUCTS_DIR; };
		4D26653B1ECD84CD00664B38 /* main.m */ = {isa = PBXFileReference; lastKnownFileType = sourcecode.c.objc; path = main.m; sourceTree = "<group>"; };
		4D26653D1ECD84CD00664B38 /* AppDelegate.h */ = {isa = PBXFileReference; lastKnownFileType = sourcecode.c.h; path = AppDelegate.h; sourceTree = "<group>"; };
		4D26653E1ECD84CD00664B38 /* AppDelegate.m */ = {isa = PBXFileReference; lastKnownFileType = sourcecode.c.objc; path = AppDelegate.m; sourceTree = "<group>"; };
		4D2665441ECD84CD00664B38 /* Base */ = {isa = PBXFileReference; lastKnownFileType = file.storyboard; name = Base; path = Base.lproj/Main.storyboard; sourceTree = "<group>"; };
		4D2665461ECD84CD00664B38 /* Assets.xcassets */ = {isa = PBXFileReference; lastKnownFileType = folder.assetcatalog; path = Assets.xcassets; sourceTree = "<group>"; };
		4D26654B1ECD84CD00664B38 /* Info.plist */ = {isa = PBXFileReference; lastKnownFileType = text.plist.xml; path = Info.plist; sourceTree = "<group>"; };
		4D3CC5511FD4E6FB002D3ED8 /* LaunchScreen.storyboard */ = {isa = PBXFileReference; fileEncoding = 4; lastKnownFileType = file.storyboard; path = LaunchScreen.storyboard; sourceTree = "<group>"; };
		4D92AA141F4D5BD900493BCF /* app */ = {isa = PBXFileReference; lastKnownFileType = folder; path = app; sourceTree = "<group>"; };
		4DA5883C20F343AB007D4B5E /* Appdefine.h */ = {isa = PBXFileReference; lastKnownFileType = sourcecode.c.h; path = Appdefine.h; sourceTree = "<group>"; };
		B76DCF182E04FBDA1655EAEA /* Pods-weexplus.debug.xcconfig */ = {isa = PBXFileReference; includeInIndex = 1; lastKnownFileType = text.xcconfig; name = "Pods-weexplus.debug.xcconfig"; path = "Pods/Target Support Files/Pods-weexplus/Pods-weexplus.debug.xcconfig"; sourceTree = "<group>"; };
		C51BE6763BC7E197A7AE63F3 /* Pods-weexplus.release.xcconfig */ = {isa = PBXFileReference; includeInIndex = 1; lastKnownFileType = text.xcconfig; name = "Pods-weexplus.release.xcconfig"; path = "Pods/Target Support Files/Pods-weexplus/Pods-weexplus.release.xcconfig"; sourceTree = "<group>"; };
/* End PBXFileReference section */

/* Begin PBXFrameworksBuildPhase section */
		4D2665341ECD84CD00664B38 /* Frameworks */ = {
			isa = PBXFrameworksBuildPhase;
			buildActionMask = 2147483647;
			files = (
				065028AE5D502170DB421BFB /* libPods-weexplus.a in Frameworks */,
			);
			runOnlyForDeploymentPostprocessing = 0;
		};
/* End PBXFrameworksBuildPhase section */

/* Begin PBXGroup section */
		4D26652E1ECD84CD00664B38 = {
			isa = PBXGroup;
			children = (
				4D92AA141F4D5BD900493BCF /* app */,
				4D2665391ECD84CD00664B38 /* weexplus */,
				4D2665381ECD84CD00664B38 /* Products */,
				9FE5E58B1B9AD3F8D405F1A6 /* Pods */,
				B002B8620A99EC0B79AA68DE /* Frameworks */,
			);
			sourceTree = "<group>";
		};
		4D2665381ECD84CD00664B38 /* Products */ = {
			isa = PBXGroup;
			children = (
				4D2665371ECD84CD00664B38 /* weexplus.app */,
			);
			name = Products;
			sourceTree = "<group>";
		};
		4D2665391ECD84CD00664B38 /* weexplus */ = {
			isa = PBXGroup;
			children = (
				4DA5883C20F343AB007D4B5E /* Appdefine.h */,
				4D26653D1ECD84CD00664B38 /* AppDelegate.h */,
				4D26653E1ECD84CD00664B38 /* AppDelegate.m */,
				4D2665431ECD84CD00664B38 /* Main.storyboard */,
				4D3CC5511FD4E6FB002D3ED8 /* LaunchScreen.storyboard */,
				4D2665461ECD84CD00664B38 /* Assets.xcassets */,
				4D26654B1ECD84CD00664B38 /* Info.plist */,
				4D26653A1ECD84CD00664B38 /* Supporting Files */,
			);
			path = weexplus;
			sourceTree = "<group>";
		};
		4D26653A1ECD84CD00664B38 /* Supporting Files */ = {
			isa = PBXGroup;
			children = (
				4D26653B1ECD84CD00664B38 /* main.m */,
			);
			name = "Supporting Files";
			sourceTree = "<group>";
		};
		9FE5E58B1B9AD3F8D405F1A6 /* Pods */ = {
			isa = PBXGroup;
			children = (
				B76DCF182E04FBDA1655EAEA /* Pods-weexplus.debug.xcconfig */,
				C51BE6763BC7E197A7AE63F3 /* Pods-weexplus.release.xcconfig */,
			);
			name = Pods;
			sourceTree = "<group>";
		};
		B002B8620A99EC0B79AA68DE /* Frameworks */ = {
			isa = PBXGroup;
			children = (
				040ECBF4AF538C64A3AC2E9B /* libPods-weexplus.a */,
			);
			name = Frameworks;
			sourceTree = "<group>";
		};
/* End PBXGroup section */

/* Begin PBXNativeTarget section */
		4D2665361ECD84CD00664B38 /* weexplus */ = {
			isa = PBXNativeTarget;
			buildConfigurationList = 4D26654E1ECD84CD00664B38 /* Build configuration list for PBXNativeTarget "weexplus" */;
			buildPhases = (
				E1EBE96AEBABBDE8A9BEC3C2 /* [CP] Check Pods Manifest.lock */,
				4D2665331ECD84CD00664B38 /* Sources */,
				4D2665341ECD84CD00664B38 /* Frameworks */,
				4D2665351ECD84CD00664B38 /* Resources */,
				1DE6AFADC2454A29F3AF5464 /* [CP] Copy Pods Resources */,
				4D2169F023025AE400905F63 /* ShellScript */,
			);
			buildRules = (
			);
			dependencies = (
			);
			name = weexplus;
			productName = vshop;
			productReference = 4D2665371ECD84CD00664B38 /* weexplus.app */;
			productType = "com.apple.product-type.application";
		};
/* End PBXNativeTarget section */

/* Begin PBXProject section */
		4D26652F1ECD84CD00664B38 /* Project object */ = {
			isa = PBXProject;
			attributes = {
				LastUpgradeCheck = 0920;
				ORGANIZATIONNAME = "郑江荣";
				TargetAttributes = {
					4D2665361ECD84CD00664B38 = {
						CreatedOnToolsVersion = 8.3.1;
						DevelopmentTeam = BCCTN825Z2;
						ProvisioningStyle = Automatic;
						SystemCapabilities = {
							com.apple.Keychain = {
								enabled = 0;
							};
							com.apple.WAC = {
								enabled = 0;
							};
						};
					};
				};
			};
			buildConfigurationList = 4D2665321ECD84CD00664B38 /* Build configuration list for PBXProject "weexplus" */;
			compatibilityVersion = "Xcode 3.2";
			developmentRegion = English;
			hasScannedForEncodings = 0;
			knownRegions = (
				English,
				en,
				Base,
			);
			mainGroup = 4D26652E1ECD84CD00664B38;
			productRefGroup = 4D2665381ECD84CD00664B38 /* Products */;
			projectDirPath = "";
			projectRoot = "";
			targets = (
				4D2665361ECD84CD00664B38 /* weexplus */,
			);
		};
/* End PBXProject section */

/* Begin PBXResourcesBuildPhase section */
		4D2665351ECD84CD00664B38 /* Resources */ = {
			isa = PBXResourcesBuildPhase;
			buildActionMask = 2147483647;
			files = (
				4D92AA151F4D5BD900493BCF /* app in Resources */,
				4D3CC5521FD4E6FB002D3ED8 /* LaunchScreen.storyboard in Resources */,
				4D2665471ECD84CD00664B38 /* Assets.xcassets in Resources */,
				4D2665451ECD84CD00664B38 /* Main.storyboard in Resources */,
			);
			runOnlyForDeploymentPostprocessing = 0;
		};
/* End PBXResourcesBuildPhase section */

/* Begin PBXShellScriptBuildPhase section */
		1DE6AFADC2454A29F3AF5464 /* [CP] Copy Pods Resources */ = {
			isa = PBXShellScriptBuildPhase;
			buildActionMask = 2147483647;
			files = (
			);
			inputPaths = (
				"${PODS_ROOT}/Target Support Files/Pods-weexplus/Pods-weexplus-resources.sh",
				"${PODS_ROOT}/GPUImage/framework/Resources/lookup.png",
				"${PODS_ROOT}/GPUImage/framework/Resources/lookup_amatorka.png",
				"${PODS_ROOT}/GPUImage/framework/Resources/lookup_miss_etikate.png",
				"${PODS_ROOT}/GPUImage/framework/Resources/lookup_soft_elegance_1.png",
				"${PODS_ROOT}/GPUImage/framework/Resources/lookup_soft_elegance_2.png",
				"${PODS_CONFIGURATION_BUILD_DIR}/TOCropViewController/TOCropViewControllerBundle.bundle",
				"${PODS_ROOT}/../sdk/ios/sdk/WeexSDK/Resources/native-bundle-main.js",
				"${PODS_ROOT}/../sdk/ios/sdk/WeexSDK/Resources/weex-main-jsfm.js",
				"${PODS_ROOT}/../sdk/ios/sdk/WeexSDK/Resources/weex-polyfill.js",
				"${PODS_ROOT}/../sdk/ios/sdk/WeexSDK/Resources/weex-rax-api.js",
				"${PODS_ROOT}/../sdk/ios/sdk/WeexSDK/Resources/wx_load_error@3x.png",
				"${PODS_ROOT}/ZLPhotoBrowser/ZLPhotoBrowser/PhotoBrowser/resource/ZLPhotoActionSheet.xib",
				"${PODS_ROOT}/ZLPhotoBrowser/ZLPhotoBrowser/PhotoBrowser/resource/ZLPhotoBrowserCell.xib",
				"${PODS_ROOT}/ZLPhotoBrowser/ZLPhotoBrowser/PhotoBrowser/resource/ZLPhotoBrowser.bundle",
				"${PODS_ROOT}/../farwolf.business/farwolf.business/resources/xib/updater.xib",
				"${PODS_ROOT}/../farwolf.business/farwolf.business/resources/xib/zipdownloader.xib",
				"${PODS_ROOT}/../farwolf.weex/farwolf.weex/resources/storyboard/weex.storyboard",
				"${PODS_ROOT}/../farwolf.weex/farwolf.weex/resources/image/backblack@3x.png",
				"${PODS_ROOT}/../farwolf.weex/farwolf.weex/resources/image/backwhit@3x.png",
				"${PODS_ROOT}/../farwolf.weex/farwolf.weex/resources/image/canvas@2x.png",
				"${PODS_ROOT}/../farwolf.weex/farwolf.weex/resources/image/fail.png",
				"${PODS_ROOT}/../farwolf.weex/farwolf.weex/resources/image/qrcodecase@2x.png",
				"${PODS_ROOT}/../farwolf.weex/farwolf.weex/resources/image/IQKeyboardManager.bundle",
				"${PODS_ROOT}/../farwolf.weex/farwolf.weex/resources/image/MNFloatBtn.bundle",
				"${PODS_ROOT}/../farwolf.weex/farwolf.weex/resources/xib/Picker.xib",
				"${PODS_ROOT}/../photoplus/TZImagePickerController/TZImagePickerController.bundle",
			);
			name = "[CP] Copy Pods Resources";
			outputPaths = (
				"${TARGET_BUILD_DIR}/${UNLOCALIZED_RESOURCES_FOLDER_PATH}/lookup.png",
				"${TARGET_BUILD_DIR}/${UNLOCALIZED_RESOURCES_FOLDER_PATH}/lookup_amatorka.png",
				"${TARGET_BUILD_DIR}/${UNLOCALIZED_RESOURCES_FOLDER_PATH}/lookup_miss_etikate.png",
				"${TARGET_BUILD_DIR}/${UNLOCALIZED_RESOURCES_FOLDER_PATH}/lookup_soft_elegance_1.png",
				"${TARGET_BUILD_DIR}/${UNLOCALIZED_RESOURCES_FOLDER_PATH}/lookup_soft_elegance_2.png",
				"${TARGET_BUILD_DIR}/${UNLOCALIZED_RESOURCES_FOLDER_PATH}/TOCropViewControllerBundle.bundle",
				"${TARGET_BUILD_DIR}/${UNLOCALIZED_RESOURCES_FOLDER_PATH}/native-bundle-main.js",
				"${TARGET_BUILD_DIR}/${UNLOCALIZED_RESOURCES_FOLDER_PATH}/weex-main-jsfm.js",
				"${TARGET_BUILD_DIR}/${UNLOCALIZED_RESOURCES_FOLDER_PATH}/weex-polyfill.js",
				"${TARGET_BUILD_DIR}/${UNLOCALIZED_RESOURCES_FOLDER_PATH}/weex-rax-api.js",
				"${TARGET_BUILD_DIR}/${UNLOCALIZED_RESOURCES_FOLDER_PATH}/wx_load_error@3x.png",
				"${TARGET_BUILD_DIR}/${UNLOCALIZED_RESOURCES_FOLDER_PATH}/ZLPhotoActionSheet.nib",
				"${TARGET_BUILD_DIR}/${UNLOCALIZED_RESOURCES_FOLDER_PATH}/ZLPhotoBrowserCell.nib",
				"${TARGET_BUILD_DIR}/${UNLOCALIZED_RESOURCES_FOLDER_PATH}/ZLPhotoBrowser.bundle",
				"${TARGET_BUILD_DIR}/${UNLOCALIZED_RESOURCES_FOLDER_PATH}/updater.nib",
				"${TARGET_BUILD_DIR}/${UNLOCALIZED_RESOURCES_FOLDER_PATH}/zipdownloader.nib",
				"${TARGET_BUILD_DIR}/${UNLOCALIZED_RESOURCES_FOLDER_PATH}/weex.storyboardc",
				"${TARGET_BUILD_DIR}/${UNLOCALIZED_RESOURCES_FOLDER_PATH}/backblack@3x.png",
				"${TARGET_BUILD_DIR}/${UNLOCALIZED_RESOURCES_FOLDER_PATH}/backwhit@3x.png",
				"${TARGET_BUILD_DIR}/${UNLOCALIZED_RESOURCES_FOLDER_PATH}/canvas@2x.png",
				"${TARGET_BUILD_DIR}/${UNLOCALIZED_RESOURCES_FOLDER_PATH}/fail.png",
				"${TARGET_BUILD_DIR}/${UNLOCALIZED_RESOURCES_FOLDER_PATH}/qrcodecase@2x.png",
				"${TARGET_BUILD_DIR}/${UNLOCALIZED_RESOURCES_FOLDER_PATH}/IQKeyboardManager.bundle",
				"${TARGET_BUILD_DIR}/${UNLOCALIZED_RESOURCES_FOLDER_PATH}/MNFloatBtn.bundle",
				"${TARGET_BUILD_DIR}/${UNLOCALIZED_RESOURCES_FOLDER_PATH}/Picker.nib",
				"${TARGET_BUILD_DIR}/${UNLOCALIZED_RESOURCES_FOLDER_PATH}/TZImagePickerController.bundle",
			);
			runOnlyForDeploymentPostprocessing = 0;
			shellPath = /bin/sh;
			shellScript = "\"${PODS_ROOT}/Target Support Files/Pods-weexplus/Pods-weexplus-resources.sh\"\n";
			showEnvVarsInLog = 0;
		};
		4D2169F023025AE400905F63 /* ShellScript */ = {
			isa = PBXShellScriptBuildPhase;
			buildActionMask = 2147483647;
			files = (
			);
			inputFileListPaths = (
			);
			inputPaths = (
			);
			outputFileListPaths = (
			);
			outputPaths = (
			);
			runOnlyForDeploymentPostprocessing = 0;
			shellPath = /bin/sh;
			shellScript = "# Type a script or drag a script file from your workspace to insert its path.\ncd ../../../\n";
		};
		E1EBE96AEBABBDE8A9BEC3C2 /* [CP] Check Pods Manifest.lock */ = {
			isa = PBXShellScriptBuildPhase;
			buildActionMask = 2147483647;
			files = (
			);
			inputPaths = (
				"${PODS_PODFILE_DIR_PATH}/Podfile.lock",
				"${PODS_ROOT}/Manifest.lock",
			);
			name = "[CP] Check Pods Manifest.lock";
			outputPaths = (
				"$(DERIVED_FILE_DIR)/Pods-weexplus-checkManifestLockResult.txt",
			);
			runOnlyForDeploymentPostprocessing = 0;
			shellPath = /bin/sh;
			shellScript = "diff \"${PODS_PODFILE_DIR_PATH}/Podfile.lock\" \"${PODS_ROOT}/Manifest.lock\" > /dev/null\nif [ $? != 0 ] ; then\n    # print error to STDERR\n    echo \"error: The sandbox is not in sync with the Podfile.lock. Run 'pod install' or update your CocoaPods installation.\" >&2\n    exit 1\nfi\n# This output is used by Xcode 'outputs' to avoid re-running this script phase.\necho \"SUCCESS\" > \"${SCRIPT_OUTPUT_FILE_0}\"\n";
			showEnvVarsInLog = 0;
		};
/* End PBXShellScriptBuildPhase section */

/* Begin PBXSourcesBuildPhase section */
		4D2665331ECD84CD00664B38 /* Sources */ = {
			isa = PBXSourcesBuildPhase;
			buildActionMask = 2147483647;
			files = (
				4D26653F1ECD84CD00664B38 /* AppDelegate.m in Sources */,
				4D26653C1ECD84CD00664B38 /* main.m in Sources */,
			);
			runOnlyForDeploymentPostprocessing = 0;
		};
/* End PBXSourcesBuildPhase section */

/* Begin PBXVariantGroup section */
		4D2665431ECD84CD00664B38 /* Main.storyboard */ = {
			isa = PBXVariantGroup;
			children = (
				4D2665441ECD84CD00664B38 /* Base */,
			);
			name = Main.storyboard;
			sourceTree = "<group>";
		};
/* End PBXVariantGroup section */

/* Begin XCBuildConfiguration section */
		4D26654C1ECD84CD00664B38 /* Debug */ = {
			isa = XCBuildConfiguration;
			buildSettings = {
				ALWAYS_SEARCH_USER_PATHS = NO;
				CLANG_ANALYZER_NONNULL = YES;
				CLANG_ANALYZER_NUMBER_OBJECT_CONVERSION = YES_AGGRESSIVE;
				CLANG_CXX_LANGUAGE_STANDARD = "gnu++0x";
				CLANG_CXX_LIBRARY = "libc++";
				CLANG_ENABLE_MODULES = YES;
				CLANG_ENABLE_OBJC_ARC = YES;
				CLANG_WARN_BLOCK_CAPTURE_AUTORELEASING = YES;
				CLANG_WARN_BOOL_CONVERSION = YES;
				CLANG_WARN_COMMA = YES;
				CLANG_WARN_CONSTANT_CONVERSION = YES;
				CLANG_WARN_DIRECT_OBJC_ISA_USAGE = YES_ERROR;
				CLANG_WARN_DOCUMENTATION_COMMENTS = YES;
				CLANG_WARN_EMPTY_BODY = YES;
				CLANG_WARN_ENUM_CONVERSION = YES;
				CLANG_WARN_INFINITE_RECURSION = YES;
				CLANG_WARN_INT_CONVERSION = YES;
				CLANG_WARN_NON_LITERAL_NULL_CONVERSION = YES;
				CLANG_WARN_OBJC_LITERAL_CONVERSION = YES;
				CLANG_WARN_OBJC_ROOT_CLASS = YES_ERROR;
				CLANG_WARN_RANGE_LOOP_ANALYSIS = YES;
				CLANG_WARN_STRICT_PROTOTYPES = YES;
				CLANG_WARN_SUSPICIOUS_MOVE = YES;
				CLANG_WARN_UNREACHABLE_CODE = YES;
				CLANG_WARN__DUPLICATE_METHOD_MATCH = YES;
				"CODE_SIGN_IDENTITY[sdk=iphoneos*]" = "iPhone Developer";
				COPY_PHASE_STRIP = NO;
				DEBUG_INFORMATION_FORMAT = dwarf;
				ENABLE_BITCODE = NO;
				ENABLE_STRICT_OBJC_MSGSEND = YES;
				ENABLE_TESTABILITY = YES;
				GCC_C_LANGUAGE_STANDARD = gnu99;
				GCC_DYNAMIC_NO_PIC = NO;
				GCC_NO_COMMON_BLOCKS = YES;
				GCC_OPTIMIZATION_LEVEL = 0;
				GCC_PREPROCESSOR_DEFINITIONS = (
					"DEBUG=1",
					"$(inherited)",
				);
				GCC_WARN_64_TO_32_BIT_CONVERSION = YES;
				GCC_WARN_ABOUT_RETURN_TYPE = YES_ERROR;
				GCC_WARN_UNDECLARED_SELECTOR = YES;
				GCC_WARN_UNINITIALIZED_AUTOS = YES_AGGRESSIVE;
				GCC_WARN_UNUSED_FUNCTION = YES;
				GCC_WARN_UNUSED_VARIABLE = YES;
				IPHONEOS_DEPLOYMENT_TARGET = 10.3;
				MTL_ENABLE_DEBUG_INFO = YES;
				ONLY_ACTIVE_ARCH = YES;
				SDKROOT = iphoneos;
			};
			name = Debug;
		};
		4D26654D1ECD84CD00664B38 /* Release */ = {
			isa = XCBuildConfiguration;
			buildSettings = {
				ALWAYS_SEARCH_USER_PATHS = NO;
				CLANG_ANALYZER_NONNULL = YES;
				CLANG_ANALYZER_NUMBER_OBJECT_CONVERSION = YES_AGGRESSIVE;
				CLANG_CXX_LANGUAGE_STANDARD = "gnu++0x";
				CLANG_CXX_LIBRARY = "libc++";
				CLANG_ENABLE_MODULES = YES;
				CLANG_ENABLE_OBJC_ARC = YES;
				CLANG_WARN_BLOCK_CAPTURE_AUTORELEASING = YES;
				CLANG_WARN_BOOL_CONVERSION = YES;
				CLANG_WARN_COMMA = YES;
				CLANG_WARN_CONSTANT_CONVERSION = YES;
				CLANG_WARN_DIRECT_OBJC_ISA_USAGE = YES_ERROR;
				CLANG_WARN_DOCUMENTATION_COMMENTS = YES;
				CLANG_WARN_EMPTY_BODY = YES;
				CLANG_WARN_ENUM_CONVERSION = YES;
				CLANG_WARN_INFINITE_RECURSION = YES;
				CLANG_WARN_INT_CONVERSION = YES;
				CLANG_WARN_NON_LITERAL_NULL_CONVERSION = YES;
				CLANG_WARN_OBJC_LITERAL_CONVERSION = YES;
				CLANG_WARN_OBJC_ROOT_CLASS = YES_ERROR;
				CLANG_WARN_RANGE_LOOP_ANALYSIS = YES;
				CLANG_WARN_STRICT_PROTOTYPES = YES;
				CLANG_WARN_SUSPICIOUS_MOVE = YES;
				CLANG_WARN_UNREACHABLE_CODE = YES;
				CLANG_WARN__DUPLICATE_METHOD_MATCH = YES;
				"CODE_SIGN_IDENTITY[sdk=iphoneos*]" = "iPhone Developer";
				COPY_PHASE_STRIP = NO;
				DEBUG_INFORMATION_FORMAT = "dwarf-with-dsym";
				ENABLE_BITCODE = NO;
				ENABLE_NS_ASSERTIONS = NO;
				ENABLE_STRICT_OBJC_MSGSEND = YES;
				GCC_C_LANGUAGE_STANDARD = gnu99;
				GCC_NO_COMMON_BLOCKS = YES;
				GCC_WARN_64_TO_32_BIT_CONVERSION = YES;
				GCC_WARN_ABOUT_RETURN_TYPE = YES_ERROR;
				GCC_WARN_UNDECLARED_SELECTOR = YES;
				GCC_WARN_UNINITIALIZED_AUTOS = YES_AGGRESSIVE;
				GCC_WARN_UNUSED_FUNCTION = YES;
				GCC_WARN_UNUSED_VARIABLE = YES;
				IPHONEOS_DEPLOYMENT_TARGET = 10.3;
				MTL_ENABLE_DEBUG_INFO = NO;
				SDKROOT = iphoneos;
				VALIDATE_PRODUCT = YES;
			};
			name = Release;
		};
		4D26654F1ECD84CD00664B38 /* Debug */ = {
			isa = XCBuildConfiguration;
			baseConfigurationReference = B76DCF182E04FBDA1655EAEA /* Pods-weexplus.debug.xcconfig */;
			buildSettings = {
				ASSETCATALOG_COMPILER_APPICON_NAME = AppIcon;
				CLANG_ALLOW_NON_MODULAR_INCLUDES_IN_FRAMEWORK_MODULES = YES;
				CLANG_WARN_OBJC_IMPLICIT_RETAIN_SELF = YES;
				CODE_SIGN_IDENTITY = "iPhone Developer";
				"CODE_SIGN_IDENTITY[sdk=iphoneos*]" = "iPhone Developer";
				CODE_SIGN_STYLE = Automatic;
				DEVELOPMENT_TEAM = BCCTN825Z2;
				ENABLE_BITCODE = NO;
				INFOPLIST_FILE = weexplus/Info.plist;
				IPHONEOS_DEPLOYMENT_TARGET = 8.0;
				LD_RUNPATH_SEARCH_PATHS = "$(inherited) @executable_path/Frameworks";
				LIBRARY_SEARCH_PATHS = (
					"$(inherited)",
					"$(PROJECT_DIR)",
					"$(PROJECT_DIR)/lib",
				);
				PRODUCT_BUNDLE_IDENTIFIER = com.farwolf.weexplus;
				PRODUCT_NAME = "$(TARGET_NAME)";
				PROVISIONING_PROFILE_SPECIFIER = "";
				RUN_CLANG_STATIC_ANALYZER = YES;
				TARGETED_DEVICE_FAMILY = 1;
			};
			name = Debug;
		};
		4D2665501ECD84CD00664B38 /* Release */ = {
			isa = XCBuildConfiguration;
			baseConfigurationReference = C51BE6763BC7E197A7AE63F3 /* Pods-weexplus.release.xcconfig */;
			buildSettings = {
				ASSETCATALOG_COMPILER_APPICON_NAME = AppIcon;
				CLANG_ALLOW_NON_MODULAR_INCLUDES_IN_FRAMEWORK_MODULES = YES;
				CLANG_WARN_OBJC_IMPLICIT_RETAIN_SELF = YES;
				CODE_SIGN_IDENTITY = "iPhone Developer";
				"CODE_SIGN_IDENTITY[sdk=iphoneos*]" = "iPhone Developer";
				CODE_SIGN_STYLE = Automatic;
				DEVELOPMENT_TEAM = BCCTN825Z2;
				ENABLE_BITCODE = NO;
				INFOPLIST_FILE = weexplus/Info.plist;
				IPHONEOS_DEPLOYMENT_TARGET = 8.0;
				LD_RUNPATH_SEARCH_PATHS = "$(inherited) @executable_path/Frameworks";
				LIBRARY_SEARCH_PATHS = (
					"$(inherited)",
					"$(PROJECT_DIR)",
					"$(PROJECT_DIR)/lib",
				);
				PRODUCT_BUNDLE_IDENTIFIER = com.farwolf.weexplus;
				PRODUCT_NAME = "$(TARGET_NAME)";
				PROVISIONING_PROFILE_SPECIFIER = "";
				RUN_CLANG_STATIC_ANALYZER = YES;
				TARGETED_DEVICE_FAMILY = 1;
			};
			name = Release;
		};
/* End XCBuildConfiguration section */

/* Begin XCConfigurationList section */
		4D2665321ECD84CD00664B38 /* Build configuration list for PBXProject "weexplus" */ = {
			isa = XCConfigurationList;
			buildConfigurations = (
				4D26654C1ECD84CD00664B38 /* Debug */,
				4D26654D1ECD84CD00664B38 /* Release */,
			);
			defaultConfigurationIsVisible = 0;
			defaultConfigurationName = Release;
		};
		4D26654E1ECD84CD00664B38 /* Build configuration list for PBXNativeTarget "weexplus" */ = {
			isa = XCConfigurationList;
			buildConfigurations = (
				4D26654F1ECD84CD00664B38 /* Debug */,
				4D2665501ECD84CD00664B38 /* Release */,
			);
			defaultConfigurationIsVisible = 0;
			defaultConfigurationName = Release;
		};
/* End XCConfigurationList section */
	};
	rootObject = 4D26652F1ECD84CD00664B38 /* Project object */;
}
