// !$*UTF8*$!
{
	archiveVersion = 1;
	classes = {
	};
	objectVersion = 48;
	objects = {

/* Begin PBXBuildFile section */
		AA121EDC200305D200A40B45 /* AppDelegate.m in Sources */ = {isa = PBXBuildFile; fileRef = AA121EDB200305D200A40B45 /* AppDelegate.m */; };
		AA121EDF200305D200A40B45 /* ViewController.m in Sources */ = {isa = PBXBuildFile; fileRef = AA121EDE200305D200A40B45 /* ViewController.m */; };
		AA121EE2200305D200A40B45 /* Main.storyboard in Resources */ = {isa = PBXBuildFile; fileRef = AA121EE0200305D200A40B45 /* Main.storyboard */; };
		AA121EE4200305D200A40B45 /* Assets.xcassets in Resources */ = {isa = PBXBuildFile; fileRef = AA121EE3200305D200A40B45 /* Assets.xcassets */; };
		AA121EE7200305D200A40B45 /* LaunchScreen.storyboard in Resources */ = {isa = PBXBuildFile; fileRef = AA121EE5200305D200A40B45 /* LaunchScreen.storyboard */; };
		AA121EEA200305D200A40B45 /* main.m in Sources */ = {isa = PBXBuildFile; fileRef = AA121EE9200305D200A40B45 /* main.m */; };
		AA121F122003068300A40B45 /* FSCalendar+Deprecated.m in Sources */ = {isa = PBXBuildFile; fileRef = AA121EF12003068300A40B45 /* FSCalendar+Deprecated.m */; };
		AA121F132003068300A40B45 /* FSCalendar.m in Sources */ = {isa = PBXBuildFile; fileRef = AA121EF32003068300A40B45 /* FSCalendar.m */; };
		AA121F142003068300A40B45 /* FSCalendarAppearance.m in Sources */ = {isa = PBXBuildFile; fileRef = AA121EF52003068300A40B45 /* FSCalendarAppearance.m */; };
		AA121F152003068300A40B45 /* FSCalendarCalculator.m in Sources */ = {isa = PBXBuildFile; fileRef = AA121EF72003068300A40B45 /* FSCalendarCalculator.m */; };
		AA121F162003068300A40B45 /* FSCalendarCell.m in Sources */ = {isa = PBXBuildFile; fileRef = AA121EF92003068300A40B45 /* FSCalendarCell.m */; };
		AA121F172003068300A40B45 /* FSCalendarCollectionView.m in Sources */ = {isa = PBXBuildFile; fileRef = AA121EFB2003068300A40B45 /* FSCalendarCollectionView.m */; };
		AA121F182003068300A40B45 /* FSCalendarCollectionViewLayout.m in Sources */ = {isa = PBXBuildFile; fileRef = AA121EFD2003068300A40B45 /* FSCalendarCollectionViewLayout.m */; };
		AA121F192003068300A40B45 /* FSCalendarConstants.m in Sources */ = {isa = PBXBuildFile; fileRef = AA121EFF2003068300A40B45 /* FSCalendarConstants.m */; };
		AA121F1A2003068300A40B45 /* FSCalendarDelegationFactory.m in Sources */ = {isa = PBXBuildFile; fileRef = AA121F012003068300A40B45 /* FSCalendarDelegationFactory.m */; };
		AA121F1B2003068300A40B45 /* FSCalendarDelegationProxy.m in Sources */ = {isa = PBXBuildFile; fileRef = AA121F032003068300A40B45 /* FSCalendarDelegationProxy.m */; };
		AA121F1C2003068300A40B45 /* FSCalendarExtensions.m in Sources */ = {isa = PBXBuildFile; fileRef = AA121F062003068300A40B45 /* FSCalendarExtensions.m */; };
		AA121F1D2003068300A40B45 /* FSCalendarHeaderView.m in Sources */ = {isa = PBXBuildFile; fileRef = AA121F082003068300A40B45 /* FSCalendarHeaderView.m */; };
		AA121F1E2003068300A40B45 /* FSCalendarScopeHandle.m in Sources */ = {isa = PBXBuildFile; fileRef = AA121F0A2003068300A40B45 /* FSCalendarScopeHandle.m */; };
		AA121F1F2003068300A40B45 /* FSCalendarStickyHeader.m in Sources */ = {isa = PBXBuildFile; fileRef = AA121F0C2003068300A40B45 /* FSCalendarStickyHeader.m */; };
		AA121F202003068300A40B45 /* FSCalendarTransitionCoordinator.m in Sources */ = {isa = PBXBuildFile; fileRef = AA121F0E2003068300A40B45 /* FSCalendarTransitionCoordinator.m */; };
		AA121F212003068300A40B45 /* FSCalendarWeekdayView.m in Sources */ = {isa = PBXBuildFile; fileRef = AA121F102003068300A40B45 /* FSCalendarWeekdayView.m */; };
		AA121F222003068300A40B45 /* Info.plist in Resources */ = {isa = PBXBuildFile; fileRef = AA121F112003068300A40B45 /* Info.plist */; };
		AA121F292003071800A40B45 /* LMLeftDatePicker.m in Sources */ = {isa = PBXBuildFile; fileRef = AA121F282003071800A40B45 /* LMLeftDatePicker.m */; };
		AA121F2C2003073C00A40B45 /* LMRightDatePicker.m in Sources */ = {isa = PBXBuildFile; fileRef = AA121F2B2003073C00A40B45 /* LMRightDatePicker.m */; };
		AA121F2F2003078B00A40B45 /* LMDisposeChooseTimeView.m in Sources */ = {isa = PBXBuildFile; fileRef = AA121F2E2003078B00A40B45 /* LMDisposeChooseTimeView.m */; };
		AA121F3320034A4000A40B45 /* UILabel+Extension.m in Sources */ = {isa = PBXBuildFile; fileRef = AA121F3220034A4000A40B45 /* UILabel+Extension.m */; };
/* End PBXBuildFile section */

/* Begin PBXFileReference section */
		AA121ED7200305D200A40B45 /* LMTowDatePicker.app */ = {isa = PBXFileReference; explicitFileType = wrapper.application; includeInIndex = 0; path = LMTowDatePicker.app; sourceTree = BUILT_PRODUCTS_DIR; };
		AA121EDA200305D200A40B45 /* AppDelegate.h */ = {isa = PBXFileReference; lastKnownFileType = sourcecode.c.h; path = AppDelegate.h; sourceTree = "<group>"; };
		AA121EDB200305D200A40B45 /* AppDelegate.m */ = {isa = PBXFileReference; lastKnownFileType = sourcecode.c.objc; path = AppDelegate.m; sourceTree = "<group>"; };
		AA121EDD200305D200A40B45 /* ViewController.h */ = {isa = PBXFileReference; lastKnownFileType = sourcecode.c.h; path = ViewController.h; sourceTree = "<group>"; };
		AA121EDE200305D200A40B45 /* ViewController.m */ = {isa = PBXFileReference; lastKnownFileType = sourcecode.c.objc; path = ViewController.m; sourceTree = "<group>"; };
		AA121EE1200305D200A40B45 /* Base */ = {isa = PBXFileReference; lastKnownFileType = file.storyboard; name = Base; path = Base.lproj/Main.storyboard; sourceTree = "<group>"; };
		AA121EE3200305D200A40B45 /* Assets.xcassets */ = {isa = PBXFileReference; lastKnownFileType = folder.assetcatalog; path = Assets.xcassets; sourceTree = "<group>"; };
		AA121EE6200305D200A40B45 /* Base */ = {isa = PBXFileReference; lastKnownFileType = file.storyboard; name = Base; path = Base.lproj/LaunchScreen.storyboard; sourceTree = "<group>"; };
		AA121EE8200305D200A40B45 /* Info.plist */ = {isa = PBXFileReference; lastKnownFileType = text.plist.xml; path = Info.plist; sourceTree = "<group>"; };
		AA121EE9200305D200A40B45 /* main.m */ = {isa = PBXFileReference; lastKnownFileType = sourcecode.c.objc; path = main.m; sourceTree = "<group>"; };
		AA121EF12003068300A40B45 /* FSCalendar+Deprecated.m */ = {isa = PBXFileReference; fileEncoding = 4; lastKnownFileType = sourcecode.c.objc; path = "FSCalendar+Deprecated.m"; sourceTree = "<group>"; };
		AA121EF22003068300A40B45 /* FSCalendar.h */ = {isa = PBXFileReference; fileEncoding = 4; lastKnownFileType = sourcecode.c.h; path = FSCalendar.h; sourceTree = "<group>"; };
		AA121EF32003068300A40B45 /* FSCalendar.m */ = {isa = PBXFileReference; fileEncoding = 4; lastKnownFileType = sourcecode.c.objc; path = FSCalendar.m; sourceTree = "<group>"; };
		AA121EF42003068300A40B45 /* FSCalendarAppearance.h */ = {isa = PBXFileReference; fileEncoding = 4; lastKnownFileType = sourcecode.c.h; path = FSCalendarAppearance.h; sourceTree = "<group>"; };
		AA121EF52003068300A40B45 /* FSCalendarAppearance.m */ = {isa = PBXFileReference; fileEncoding = 4; lastKnownFileType = sourcecode.c.objc; path = FSCalendarAppearance.m; sourceTree = "<group>"; };
		AA121EF62003068300A40B45 /* FSCalendarCalculator.h */ = {isa = PBXFileReference; fileEncoding = 4; lastKnownFileType = sourcecode.c.h; path = FSCalendarCalculator.h; sourceTree = "<group>"; };
		AA121EF72003068300A40B45 /* FSCalendarCalculator.m */ = {isa = PBXFileReference; fileEncoding = 4; lastKnownFileType = sourcecode.c.objc; path = FSCalendarCalculator.m; sourceTree = "<group>"; };
		AA121EF82003068300A40B45 /* FSCalendarCell.h */ = {isa = PBXFileReference; fileEncoding = 4; lastKnownFileType = sourcecode.c.h; path = FSCalendarCell.h; sourceTree = "<group>"; };
		AA121EF92003068300A40B45 /* FSCalendarCell.m */ = {isa = PBXFileReference; fileEncoding = 4; lastKnownFileType = sourcecode.c.objc; path = FSCalendarCell.m; sourceTree = "<group>"; };
		AA121EFA2003068300A40B45 /* FSCalendarCollectionView.h */ = {isa = PBXFileReference; fileEncoding = 4; lastKnownFileType = sourcecode.c.h; path = FSCalendarCollectionView.h; sourceTree = "<group>"; };
		AA121EFB2003068300A40B45 /* FSCalendarCollectionView.m */ = {isa = PBXFileReference; fileEncoding = 4; lastKnownFileType = sourcecode.c.objc; path = FSCalendarCollectionView.m; sourceTree = "<group>"; };
		AA121EFC2003068300A40B45 /* FSCalendarCollectionViewLayout.h */ = {isa = PBXFileReference; fileEncoding = 4; lastKnownFileType = sourcecode.c.h; path = FSCalendarCollectionViewLayout.h; sourceTree = "<group>"; };
		AA121EFD2003068300A40B45 /* FSCalendarCollectionViewLayout.m */ = {isa = PBXFileReference; fileEncoding = 4; lastKnownFileType = sourcecode.c.objc; path = FSCalendarCollectionViewLayout.m; sourceTree = "<group>"; };
		AA121EFE2003068300A40B45 /* FSCalendarConstants.h */ = {isa = PBXFileReference; fileEncoding = 4; lastKnownFileType = sourcecode.c.h; path = FSCalendarConstants.h; sourceTree = "<group>"; };
		AA121EFF2003068300A40B45 /* FSCalendarConstants.m */ = {isa = PBXFileReference; fileEncoding = 4; lastKnownFileType = sourcecode.c.objc; path = FSCalendarConstants.m; sourceTree = "<group>"; };
		AA121F002003068300A40B45 /* FSCalendarDelegationFactory.h */ = {isa = PBXFileReference; fileEncoding = 4; lastKnownFileType = sourcecode.c.h; path = FSCalendarDelegationFactory.h; sourceTree = "<group>"; };
		AA121F012003068300A40B45 /* FSCalendarDelegationFactory.m */ = {isa = PBXFileReference; fileEncoding = 4; lastKnownFileType = sourcecode.c.objc; path = FSCalendarDelegationFactory.m; sourceTree = "<group>"; };
		AA121F022003068300A40B45 /* FSCalendarDelegationProxy.h */ = {isa = PBXFileReference; fileEncoding = 4; lastKnownFileType = sourcecode.c.h; path = FSCalendarDelegationProxy.h; sourceTree = "<group>"; };
		AA121F032003068300A40B45 /* FSCalendarDelegationProxy.m */ = {isa = PBXFileReference; fileEncoding = 4; lastKnownFileType = sourcecode.c.objc; path = FSCalendarDelegationProxy.m; sourceTree = "<group>"; };
		AA121F042003068300A40B45 /* FSCalendarDynamicHeader.h */ = {isa = PBXFileReference; fileEncoding = 4; lastKnownFileType = sourcecode.c.h; path = FSCalendarDynamicHeader.h; sourceTree = "<group>"; };
		AA121F052003068300A40B45 /* FSCalendarExtensions.h */ = {isa = PBXFileReference; fileEncoding = 4; lastKnownFileType = sourcecode.c.h; path = FSCalendarExtensions.h; sourceTree = "<group>"; };
		AA121F062003068300A40B45 /* FSCalendarExtensions.m */ = {isa = PBXFileReference; fileEncoding = 4; lastKnownFileType = sourcecode.c.objc; path = FSCalendarExtensions.m; sourceTree = "<group>"; };
		AA121F072003068300A40B45 /* FSCalendarHeaderView.h */ = {isa = PBXFileReference; fileEncoding = 4; lastKnownFileType = sourcecode.c.h; path = FSCalendarHeaderView.h; sourceTree = "<group>"; };
		AA121F082003068300A40B45 /* FSCalendarHeaderView.m */ = {isa = PBXFileReference; fileEncoding = 4; lastKnownFileType = sourcecode.c.objc; path = FSCalendarHeaderView.m; sourceTree = "<group>"; };
		AA121F092003068300A40B45 /* FSCalendarScopeHandle.h */ = {isa = PBXFileReference; fileEncoding = 4; lastKnownFileType = sourcecode.c.h; path = FSCalendarScopeHandle.h; sourceTree = "<group>"; };
		AA121F0A2003068300A40B45 /* FSCalendarScopeHandle.m */ = {isa = PBXFileReference; fileEncoding = 4; lastKnownFileType = sourcecode.c.objc; path = FSCalendarScopeHandle.m; sourceTree = "<group>"; };
		AA121F0B2003068300A40B45 /* FSCalendarStickyHeader.h */ = {isa = PBXFileReference; fileEncoding = 4; lastKnownFileType = sourcecode.c.h; path = FSCalendarStickyHeader.h; sourceTree = "<group>"; };
		AA121F0C2003068300A40B45 /* FSCalendarStickyHeader.m */ = {isa = PBXFileReference; fileEncoding = 4; lastKnownFileType = sourcecode.c.objc; path = FSCalendarStickyHeader.m; sourceTree = "<group>"; };
		AA121F0D2003068300A40B45 /* FSCalendarTransitionCoordinator.h */ = {isa = PBXFileReference; fileEncoding = 4; lastKnownFileType = sourcecode.c.h; path = FSCalendarTransitionCoordinator.h; sourceTree = "<group>"; };
		AA121F0E2003068300A40B45 /* FSCalendarTransitionCoordinator.m */ = {isa = PBXFileReference; fileEncoding = 4; lastKnownFileType = sourcecode.c.objc; path = FSCalendarTransitionCoordinator.m; sourceTree = "<group>"; };
		AA121F0F2003068300A40B45 /* FSCalendarWeekdayView.h */ = {isa = PBXFileReference; fileEncoding = 4; lastKnownFileType = sourcecode.c.h; path = FSCalendarWeekdayView.h; sourceTree = "<group>"; };
		AA121F102003068300A40B45 /* FSCalendarWeekdayView.m */ = {isa = PBXFileReference; fileEncoding = 4; lastKnownFileType = sourcecode.c.objc; path = FSCalendarWeekdayView.m; sourceTree = "<group>"; };
		AA121F112003068300A40B45 /* Info.plist */ = {isa = PBXFileReference; fileEncoding = 4; lastKnownFileType = text.plist.xml; path = Info.plist; sourceTree = "<group>"; };
		AA121F272003071800A40B45 /* LMLeftDatePicker.h */ = {isa = PBXFileReference; lastKnownFileType = sourcecode.c.h; path = LMLeftDatePicker.h; sourceTree = "<group>"; };
		AA121F282003071800A40B45 /* LMLeftDatePicker.m */ = {isa = PBXFileReference; lastKnownFileType = sourcecode.c.objc; path = LMLeftDatePicker.m; sourceTree = "<group>"; };
		AA121F2A2003073C00A40B45 /* LMRightDatePicker.h */ = {isa = PBXFileReference; lastKnownFileType = sourcecode.c.h; path = LMRightDatePicker.h; sourceTree = "<group>"; };
		AA121F2B2003073C00A40B45 /* LMRightDatePicker.m */ = {isa = PBXFileReference; lastKnownFileType = sourcecode.c.objc; path = LMRightDatePicker.m; sourceTree = "<group>"; };
		AA121F2D2003078B00A40B45 /* LMDisposeChooseTimeView.h */ = {isa = PBXFileReference; lastKnownFileType = sourcecode.c.h; path = LMDisposeChooseTimeView.h; sourceTree = "<group>"; };
		AA121F2E2003078B00A40B45 /* LMDisposeChooseTimeView.m */ = {isa = PBXFileReference; lastKnownFileType = sourcecode.c.objc; path = LMDisposeChooseTimeView.m; sourceTree = "<group>"; };
		AA121F3020031AFE00A40B45 /* Constant.h */ = {isa = PBXFileReference; fileEncoding = 4; lastKnownFileType = sourcecode.c.h; path = Constant.h; sourceTree = "<group>"; };
		AA121F3120034A4000A40B45 /* UILabel+Extension.h */ = {isa = PBXFileReference; fileEncoding = 4; lastKnownFileType = sourcecode.c.h; path = "UILabel+Extension.h"; sourceTree = "<group>"; };
		AA121F3220034A4000A40B45 /* UILabel+Extension.m */ = {isa = PBXFileReference; fileEncoding = 4; lastKnownFileType = sourcecode.c.objc; path = "UILabel+Extension.m"; sourceTree = "<group>"; };
/* End PBXFileReference section */

/* Begin PBXFrameworksBuildPhase section */
		AA121ED4200305D200A40B45 /* Frameworks */ = {
			isa = PBXFrameworksBuildPhase;
			buildActionMask = 2147483647;
			files = (
			);
			runOnlyForDeploymentPostprocessing = 0;
		};
/* End PBXFrameworksBuildPhase section */

/* Begin PBXGroup section */
		AA121ECE200305D200A40B45 = {
			isa = PBXGroup;
			children = (
				AA121ED9200305D200A40B45 /* LMTowDatePicker */,
				AA121ED8200305D200A40B45 /* Products */,
			);
			sourceTree = "<group>";
		};
		AA121ED8200305D200A40B45 /* Products */ = {
			isa = PBXGroup;
			children = (
				AA121ED7200305D200A40B45 /* LMTowDatePicker.app */,
			);
			name = Products;
			sourceTree = "<group>";
		};
		AA121ED9200305D200A40B45 /* LMTowDatePicker */ = {
			isa = PBXGroup;
			children = (
				AA121F3120034A4000A40B45 /* UILabel+Extension.h */,
				AA121F3220034A4000A40B45 /* UILabel+Extension.m */,
				AA121F23200306E200A40B45 /* LMDatePicker */,
				AA121EF02003068300A40B45 /* FSCalendar */,
				AA121EE0200305D200A40B45 /* Main.storyboard */,
				AA121EE3200305D200A40B45 /* Assets.xcassets */,
				AA121EE5200305D200A40B45 /* LaunchScreen.storyboard */,
				AA121EE8200305D200A40B45 /* Info.plist */,
				AA121EE9200305D200A40B45 /* main.m */,
			);
			path = LMTowDatePicker;
			sourceTree = "<group>";
		};
		AA121EF02003068300A40B45 /* FSCalendar */ = {
			isa = PBXGroup;
			children = (
				AA121EF12003068300A40B45 /* FSCalendar+Deprecated.m */,
				AA121EF22003068300A40B45 /* FSCalendar.h */,
				AA121EF32003068300A40B45 /* FSCalendar.m */,
				AA121EF42003068300A40B45 /* FSCalendarAppearance.h */,
				AA121EF52003068300A40B45 /* FSCalendarAppearance.m */,
				AA121EF62003068300A40B45 /* FSCalendarCalculator.h */,
				AA121EF72003068300A40B45 /* FSCalendarCalculator.m */,
				AA121EF82003068300A40B45 /* FSCalendarCell.h */,
				AA121EF92003068300A40B45 /* FSCalendarCell.m */,
				AA121EFA2003068300A40B45 /* FSCalendarCollectionView.h */,
				AA121EFB2003068300A40B45 /* FSCalendarCollectionView.m */,
				AA121EFC2003068300A40B45 /* FSCalendarCollectionViewLayout.h */,
				AA121EFD2003068300A40B45 /* FSCalendarCollectionViewLayout.m */,
				AA121EFE2003068300A40B45 /* FSCalendarConstants.h */,
				AA121EFF2003068300A40B45 /* FSCalendarConstants.m */,
				AA121F002003068300A40B45 /* FSCalendarDelegationFactory.h */,
				AA121F012003068300A40B45 /* FSCalendarDelegationFactory.m */,
				AA121F022003068300A40B45 /* FSCalendarDelegationProxy.h */,
				AA121F032003068300A40B45 /* FSCalendarDelegationProxy.m */,
				AA121F042003068300A40B45 /* FSCalendarDynamicHeader.h */,
				AA121F052003068300A40B45 /* FSCalendarExtensions.h */,
				AA121F062003068300A40B45 /* FSCalendarExtensions.m */,
				AA121F072003068300A40B45 /* FSCalendarHeaderView.h */,
				AA121F082003068300A40B45 /* FSCalendarHeaderView.m */,
				AA121F092003068300A40B45 /* FSCalendarScopeHandle.h */,
				AA121F0A2003068300A40B45 /* FSCalendarScopeHandle.m */,
				AA121F0B2003068300A40B45 /* FSCalendarStickyHeader.h */,
				AA121F0C2003068300A40B45 /* FSCalendarStickyHeader.m */,
				AA121F0D2003068300A40B45 /* FSCalendarTransitionCoordinator.h */,
				AA121F0E2003068300A40B45 /* FSCalendarTransitionCoordinator.m */,
				AA121F0F2003068300A40B45 /* FSCalendarWeekdayView.h */,
				AA121F102003068300A40B45 /* FSCalendarWeekdayView.m */,
				AA121F112003068300A40B45 /* Info.plist */,
			);
			path = FSCalendar;
			sourceTree = "<group>";
		};
		AA121F23200306E200A40B45 /* LMDatePicker */ = {
			isa = PBXGroup;
			children = (
				AA121F3020031AFE00A40B45 /* Constant.h */,
				AA121EDA200305D200A40B45 /* AppDelegate.h */,
				AA121EDB200305D200A40B45 /* AppDelegate.m */,
				AA121EDD200305D200A40B45 /* ViewController.h */,
				AA121EDE200305D200A40B45 /* ViewController.m */,
				AA121F24200306E200A40B45 /* Controller */,
				AA121F25200306E200A40B45 /* Model */,
				AA121F26200306E200A40B45 /* View */,
			);
			path = LMDatePicker;
			sourceTree = "<group>";
		};
		AA121F24200306E200A40B45 /* Controller */ = {
			isa = PBXGroup;
			children = (
			);
			path = Controller;
			sourceTree = "<group>";
		};
		AA121F25200306E200A40B45 /* Model */ = {
			isa = PBXGroup;
			children = (
			);
			path = Model;
			sourceTree = "<group>";
		};
		AA121F26200306E200A40B45 /* View */ = {
			isa = PBXGroup;
			children = (
				AA121F272003071800A40B45 /* LMLeftDatePicker.h */,
				AA121F282003071800A40B45 /* LMLeftDatePicker.m */,
				AA121F2A2003073C00A40B45 /* LMRightDatePicker.h */,
				AA121F2B2003073C00A40B45 /* LMRightDatePicker.m */,
				AA121F2D2003078B00A40B45 /* LMDisposeChooseTimeView.h */,
				AA121F2E2003078B00A40B45 /* LMDisposeChooseTimeView.m */,
			);
			path = View;
			sourceTree = "<group>";
		};
/* End PBXGroup section */

/* Begin PBXNativeTarget section */
		AA121ED6200305D200A40B45 /* LMTowDatePicker */ = {
			isa = PBXNativeTarget;
			buildConfigurationList = AA121EED200305D200A40B45 /* Build configuration list for PBXNativeTarget "LMTowDatePicker" */;
			buildPhases = (
				AA121ED3200305D200A40B45 /* Sources */,
				AA121ED4200305D200A40B45 /* Frameworks */,
				AA121ED5200305D200A40B45 /* Resources */,
			);
			buildRules = (
			);
			dependencies = (
			);
			name = LMTowDatePicker;
			productName = LMTowDatePicker;
			productReference = AA121ED7200305D200A40B45 /* LMTowDatePicker.app */;
			productType = "com.apple.product-type.application";
		};
/* End PBXNativeTarget section */

/* Begin PBXProject section */
		AA121ECF200305D200A40B45 /* Project object */ = {
			isa = PBXProject;
			attributes = {
				LastUpgradeCheck = 0920;
				ORGANIZATIONNAME = "天掌科技";
				TargetAttributes = {
					AA121ED6200305D200A40B45 = {
						CreatedOnToolsVersion = 9.2;
						ProvisioningStyle = Automatic;
					};
				};
			};
			buildConfigurationList = AA121ED2200305D200A40B45 /* Build configuration list for PBXProject "LMTowDatePicker" */;
			compatibilityVersion = "Xcode 8.0";
			developmentRegion = en;
			hasScannedForEncodings = 0;
			knownRegions = (
				en,
				Base,
			);
			mainGroup = AA121ECE200305D200A40B45;
			productRefGroup = AA121ED8200305D200A40B45 /* Products */;
			projectDirPath = "";
			projectRoot = "";
			targets = (
				AA121ED6200305D200A40B45 /* LMTowDatePicker */,
			);
		};
/* End PBXProject section */

/* Begin PBXResourcesBuildPhase section */
		AA121ED5200305D200A40B45 /* Resources */ = {
			isa = PBXResourcesBuildPhase;
			buildActionMask = 2147483647;
			files = (
				AA121F222003068300A40B45 /* Info.plist in Resources */,
				AA121EE7200305D200A40B45 /* LaunchScreen.storyboard in Resources */,
				AA121EE4200305D200A40B45 /* Assets.xcassets in Resources */,
				AA121EE2200305D200A40B45 /* Main.storyboard in Resources */,
			);
			runOnlyForDeploymentPostprocessing = 0;
		};
/* End PBXResourcesBuildPhase section */

/* Begin PBXSourcesBuildPhase section */
		AA121ED3200305D200A40B45 /* Sources */ = {
			isa = PBXSourcesBuildPhase;
			buildActionMask = 2147483647;
			files = (
				AA121F142003068300A40B45 /* FSCalendarAppearance.m in Sources */,
				AA121F292003071800A40B45 /* LMLeftDatePicker.m in Sources */,
				AA121F1D2003068300A40B45 /* FSCalendarHeaderView.m in Sources */,
				AA121EDF200305D200A40B45 /* ViewController.m in Sources */,
				AA121F122003068300A40B45 /* FSCalendar+Deprecated.m in Sources */,
				AA121F202003068300A40B45 /* FSCalendarTransitionCoordinator.m in Sources */,
				AA121F192003068300A40B45 /* FSCalendarConstants.m in Sources */,
				AA121F2F2003078B00A40B45 /* LMDisposeChooseTimeView.m in Sources */,
				AA121EEA200305D200A40B45 /* main.m in Sources */,
				AA121F172003068300A40B45 /* FSCalendarCollectionView.m in Sources */,
				AA121F1F2003068300A40B45 /* FSCalendarStickyHeader.m in Sources */,
				AA121F2C2003073C00A40B45 /* LMRightDatePicker.m in Sources */,
				AA121EDC200305D200A40B45 /* AppDelegate.m in Sources */,
				AA121F212003068300A40B45 /* FSCalendarWeekdayView.m in Sources */,
				AA121F1A2003068300A40B45 /* FSCalendarDelegationFactory.m in Sources */,
				AA121F1B2003068300A40B45 /* FSCalendarDelegationProxy.m in Sources */,
				AA121F132003068300A40B45 /* FSCalendar.m in Sources */,
				AA121F1E2003068300A40B45 /* FSCalendarScopeHandle.m in Sources */,
				AA121F1C2003068300A40B45 /* FSCalendarExtensions.m in Sources */,
				AA121F162003068300A40B45 /* FSCalendarCell.m in Sources */,
				AA121F182003068300A40B45 /* FSCalendarCollectionViewLayout.m in Sources */,
				AA121F3320034A4000A40B45 /* UILabel+Extension.m in Sources */,
				AA121F152003068300A40B45 /* FSCalendarCalculator.m in Sources */,
			);
			runOnlyForDeploymentPostprocessing = 0;
		};
/* End PBXSourcesBuildPhase section */

/* Begin PBXVariantGroup section */
		AA121EE0200305D200A40B45 /* Main.storyboard */ = {
			isa = PBXVariantGroup;
			children = (
				AA121EE1200305D200A40B45 /* Base */,
			);
			name = Main.storyboard;
			sourceTree = "<group>";
		};
		AA121EE5200305D200A40B45 /* LaunchScreen.storyboard */ = {
			isa = PBXVariantGroup;
			children = (
				AA121EE6200305D200A40B45 /* Base */,
			);
			name = LaunchScreen.storyboard;
			sourceTree = "<group>";
		};
/* End PBXVariantGroup section */

/* Begin XCBuildConfiguration section */
		AA121EEB200305D200A40B45 /* Debug */ = {
			isa = XCBuildConfiguration;
			buildSettings = {
				ALWAYS_SEARCH_USER_PATHS = NO;
				CLANG_ANALYZER_NONNULL = YES;
				CLANG_ANALYZER_NUMBER_OBJECT_CONVERSION = YES_AGGRESSIVE;
				CLANG_CXX_LANGUAGE_STANDARD = "gnu++14";
				CLANG_CXX_LIBRARY = "libc++";
				CLANG_ENABLE_MODULES = YES;
				CLANG_ENABLE_OBJC_ARC = YES;
				CLANG_WARN_BLOCK_CAPTURE_AUTORELEASING = YES;
				CLANG_WARN_BOOL_CONVERSION = YES;
				CLANG_WARN_COMMA = YES;
				CLANG_WARN_CONSTANT_CONVERSION = YES;
				CLANG_WARN_DIRECT_OBJC_ISA_USAGE = YES_ERROR;
				CLANG_WARN_DOCUMENTATION_COMMENTS = YES;
				CLANG_WARN_EMPTY_BODY = YES;
				CLANG_WARN_ENUM_CONVERSION = YES;
				CLANG_WARN_INFINITE_RECURSION = YES;
				CLANG_WARN_INT_CONVERSION = YES;
				CLANG_WARN_NON_LITERAL_NULL_CONVERSION = YES;
				CLANG_WARN_OBJC_LITERAL_CONVERSION = YES;
				CLANG_WARN_OBJC_ROOT_CLASS = YES_ERROR;
				CLANG_WARN_RANGE_LOOP_ANALYSIS = YES;
				CLANG_WARN_STRICT_PROTOTYPES = YES;
				CLANG_WARN_SUSPICIOUS_MOVE = YES;
				CLANG_WARN_UNGUARDED_AVAILABILITY = YES_AGGRESSIVE;
				CLANG_WARN_UNREACHABLE_CODE = YES;
				CLANG_WARN__DUPLICATE_METHOD_MATCH = YES;
				CODE_SIGN_IDENTITY = "iPhone Developer";
				COPY_PHASE_STRIP = NO;
				DEBUG_INFORMATION_FORMAT = dwarf;
				ENABLE_STRICT_OBJC_MSGSEND = YES;
				ENABLE_TESTABILITY = YES;
				GCC_C_LANGUAGE_STANDARD = gnu11;
				GCC_DYNAMIC_NO_PIC = NO;
				GCC_NO_COMMON_BLOCKS = YES;
				GCC_OPTIMIZATION_LEVEL = 0;
				GCC_PREPROCESSOR_DEFINITIONS = (
					"DEBUG=1",
					"$(inherited)",
				);
				GCC_WARN_64_TO_32_BIT_CONVERSION = YES;
				GCC_WARN_ABOUT_RETURN_TYPE = YES_ERROR;
				GCC_WARN_UNDECLARED_SELECTOR = YES;
				GCC_WARN_UNINITIALIZED_AUTOS = YES_AGGRESSIVE;
				GCC_WARN_UNUSED_FUNCTION = YES;
				GCC_WARN_UNUSED_VARIABLE = YES;
				IPHONEOS_DEPLOYMENT_TARGET = 11.2;
				MTL_ENABLE_DEBUG_INFO = YES;
				ONLY_ACTIVE_ARCH = YES;
				SDKROOT = iphoneos;
			};
			name = Debug;
		};
		AA121EEC200305D200A40B45 /* Release */ = {
			isa = XCBuildConfiguration;
			buildSettings = {
				ALWAYS_SEARCH_USER_PATHS = NO;
				CLANG_ANALYZER_NONNULL = YES;
				CLANG_ANALYZER_NUMBER_OBJECT_CONVERSION = YES_AGGRESSIVE;
				CLANG_CXX_LANGUAGE_STANDARD = "gnu++14";
				CLANG_CXX_LIBRARY = "libc++";
				CLANG_ENABLE_MODULES = YES;
				CLANG_ENABLE_OBJC_ARC = YES;
				CLANG_WARN_BLOCK_CAPTURE_AUTORELEASING = YES;
				CLANG_WARN_BOOL_CONVERSION = YES;
				CLANG_WARN_COMMA = YES;
				CLANG_WARN_CONSTANT_CONVERSION = YES;
				CLANG_WARN_DIRECT_OBJC_ISA_USAGE = YES_ERROR;
				CLANG_WARN_DOCUMENTATION_COMMENTS = YES;
				CLANG_WARN_EMPTY_BODY = YES;
				CLANG_WARN_ENUM_CONVERSION = YES;
				CLANG_WARN_INFINITE_RECURSION = YES;
				CLANG_WARN_INT_CONVERSION = YES;
				CLANG_WARN_NON_LITERAL_NULL_CONVERSION = YES;
				CLANG_WARN_OBJC_LITERAL_CONVERSION = YES;
				CLANG_WARN_OBJC_ROOT_CLASS = YES_ERROR;
				CLANG_WARN_RANGE_LOOP_ANALYSIS = YES;
				CLANG_WARN_STRICT_PROTOTYPES = YES;
				CLANG_WARN_SUSPICIOUS_MOVE = YES;
				CLANG_WARN_UNGUARDED_AVAILABILITY = YES_AGGRESSIVE;
				CLANG_WARN_UNREACHABLE_CODE = YES;
				CLANG_WARN__DUPLICATE_METHOD_MATCH = YES;
				CODE_SIGN_IDENTITY = "iPhone Developer";
				COPY_PHASE_STRIP = NO;
				DEBUG_INFORMATION_FORMAT = "dwarf-with-dsym";
				ENABLE_NS_ASSERTIONS = NO;
				ENABLE_STRICT_OBJC_MSGSEND = YES;
				GCC_C_LANGUAGE_STANDARD = gnu11;
				GCC_NO_COMMON_BLOCKS = YES;
				GCC_WARN_64_TO_32_BIT_CONVERSION = YES;
				GCC_WARN_ABOUT_RETURN_TYPE = YES_ERROR;
				GCC_WARN_UNDECLARED_SELECTOR = YES;
				GCC_WARN_UNINITIALIZED_AUTOS = YES_AGGRESSIVE;
				GCC_WARN_UNUSED_FUNCTION = YES;
				GCC_WARN_UNUSED_VARIABLE = YES;
				IPHONEOS_DEPLOYMENT_TARGET = 11.2;
				MTL_ENABLE_DEBUG_INFO = NO;
				SDKROOT = iphoneos;
				VALIDATE_PRODUCT = YES;
			};
			name = Release;
		};
		AA121EEE200305D200A40B45 /* Debug */ = {
			isa = XCBuildConfiguration;
			buildSettings = {
				ASSETCATALOG_COMPILER_APPICON_NAME = AppIcon;
				CODE_SIGN_STYLE = Automatic;
				DEVELOPMENT_TEAM = 57E3W4GG99;
				INFOPLIST_FILE = LMTowDatePicker/Info.plist;
				IPHONEOS_DEPLOYMENT_TARGET = 9.0;
				LD_RUNPATH_SEARCH_PATHS = "$(inherited) @executable_path/Frameworks";
				PRODUCT_BUNDLE_IDENTIFIER = com.targzon.smart.LMTowDatePicker;
				PRODUCT_NAME = "$(TARGET_NAME)";
				TARGETED_DEVICE_FAMILY = "1,2";
			};
			name = Debug;
		};
		AA121EEF200305D200A40B45 /* Release */ = {
			isa = XCBuildConfiguration;
			buildSettings = {
				ASSETCATALOG_COMPILER_APPICON_NAME = AppIcon;
				CODE_SIGN_STYLE = Automatic;
				DEVELOPMENT_TEAM = 57E3W4GG99;
				INFOPLIST_FILE = LMTowDatePicker/Info.plist;
				IPHONEOS_DEPLOYMENT_TARGET = 9.0;
				LD_RUNPATH_SEARCH_PATHS = "$(inherited) @executable_path/Frameworks";
				PRODUCT_BUNDLE_IDENTIFIER = com.targzon.smart.LMTowDatePicker;
				PRODUCT_NAME = "$(TARGET_NAME)";
				TARGETED_DEVICE_FAMILY = "1,2";
			};
			name = Release;
		};
/* End XCBuildConfiguration section */

/* Begin XCConfigurationList section */
		AA121ED2200305D200A40B45 /* Build configuration list for PBXProject "LMTowDatePicker" */ = {
			isa = XCConfigurationList;
			buildConfigurations = (
				AA121EEB200305D200A40B45 /* Debug */,
				AA121EEC200305D200A40B45 /* Release */,
			);
			defaultConfigurationIsVisible = 0;
			defaultConfigurationName = Release;
		};
		AA121EED200305D200A40B45 /* Build configuration list for PBXNativeTarget "LMTowDatePicker" */ = {
			isa = XCConfigurationList;
			buildConfigurations = (
				AA121EEE200305D200A40B45 /* Debug */,
				AA121EEF200305D200A40B45 /* Release */,
			);
			defaultConfigurationIsVisible = 0;
			defaultConfigurationName = Release;
		};
/* End XCConfigurationList section */
	};
	rootObject = AA121ECF200305D200A40B45 /* Project object */;
}
