PODS:
  - AFNetworking (3.2.1):
    - AFNetworking/NSURLSession (= 3.2.1)
    - AFNetworking/Reachability (= 3.2.1)
    - AFNetworking/Security (= 3.2.1)
    - AFNetworking/Serialization (= 3.2.1)
    - AFNetworking/UIKit (= 3.2.1)
  - AFNetworking/NSURLSession (3.2.1):
    - AFNetworking/Reachability
    - AFNetworking/Security
    - AFNetworking/Serialization
  - AFNetworking/Reachability (3.2.1)
  - AFNetworking/Security (3.2.1)
  - AFNetworking/Serialization (3.2.1)
  - AFNetworking/UIKit (3.2.1):
    - AFNetworking/NSURLSession
  - BindingX (1.0.3):
    - WeexPluginLoader
    - WeexSDK
  - CHXBannerView (0.8.3)
  - CocoaAsyncSocket (7.6.3)
  - DOPDropDownMenu-Enhanced (1.0.0)
  - farwolf (0.0.1):
    - AFNetworking (~> 3.2.1)
    - GSKStretchyHeaderView (~> 0.12.2)
    - Masonry (~> 0.6.3)
    - MBProgressHUD (~> 0.9.2)
    - SDCycleScrollView (~> 1.65)
    - SDWebImage (~> 5.1.0)
    - SRMonthPicker
    - TOCropViewController (~> 2.0.8)
    - UIViewController_PopUp (~> 0.0.2)
    - WeexSDK
    - YYModel
  - farwolf.business (0.0.1):
    - farwolf
    - TOCropViewController (~> 2.0.8)
  - farwolf.weex (0.0.1):
    - CocoaAsyncSocket (~> 7.6.2)
    - farwolf
    - farwolf.business
    - HcdDateTimePicker (~> 1.1.1)
    - LMTowDatePicker
    - LPPhotoViewer (~> 0.2.2)
    - Masonry (~> 0.6.3)
    - RHAddressBook
    - SocketRocket (~> 0.4.2)
    - WeexPluginLoader (~> 0.0.1.9.1)
    - WeexSDK
    - zipzap (~> 8.1.1)
  - FSCalendar (2.7.9)
  - GPUImage (0.1.7)
  - GSKStretchyHeaderView (0.12.2)
  - HcdDateTimePicker (1.1.1)
  - LMTowDatePicker (0.0.1):
    - FSCalendar (~> 2.7.9)
  - LPPhotoViewer (0.2.3):
    - YYWebImage
  - Masonry (0.6.4)
  - MBProgressHUD (0.9.2)
  - photoplus (0.0.1):
    - farwolf.weex
    - GPUImage
    - ZLPhotoBrowser
  - RHAddressBook (1.1.1)
  - SDCycleScrollView (1.80):
    - SDWebImage (>= 5.0.0)
  - SDWebImage (5.1.1):
    - SDWebImage/Core (= 5.1.1)
  - SDWebImage/Core (5.1.1)
  - SocketRocket (0.4.2)
  - SRMonthPicker (0.2.10)
  - SSLunarDate (0.0.1)
  - TOCropViewController (2.0.12)
  - UCZProgressView (1.0.2)
  - UIViewController_PopUp (0.0.3)
  - WeexPluginLoader (0.0.1.9.1):
    - WeexSDK
  - WeexSDK (0.24.0)
  - WXDevtool (0.24.0):
    - SocketRocket
    - WeexSDK
  - YYCache (1.0.4)
  - YYImage (1.0.4):
    - YYImage/Core (= 1.0.4)
  - YYImage/Core (1.0.4)
  - YYModel (1.0.4)
  - YYWebImage (1.0.5):
    - YYCache
    - YYImage
  - YZHeaderScaleImage (1.0.1)
  - ZipArchive (1.4.0)
  - zipzap (8.1.1)
  - ZLPhotoBrowser (3.1.2):
    - SDWebImage

DEPENDENCIES:
  - AFNetworking (~> 3.2.1)
  - BindingX
  - CHXBannerView (~> 0.8.2)
  - DOPDropDownMenu-Enhanced (~> 1.0.0)
  - farwolf (from `farwolf`)
  - farwolf.business (from `farwolf.business`)
  - farwolf.weex (from `farwolf.weex`)
  - FSCalendar (~> 2.7.9)
  - LMTowDatePicker (from `LMTowDatePicker`)
  - Masonry
  - MBProgressHUD (~> 0.9.2)
  - photoplus (from `photoplus`)
  - SDCycleScrollView (~> 1.65)
  - SRMonthPicker
  - SSLunarDate (~> 0.0.1)
  - TOCropViewController (~> 2.0.12)
  - UCZProgressView
  - UIViewController_PopUp (~> 0.0.2)
  - WeexSDK (from `sdk`)
  - WXDevtool (= 0.24.0)
  - YYModel
  - YZHeaderScaleImage (~> 1.0.1)
  - ZipArchive (~> 1.4.0)

SPEC REPOS:
  trunk:
    - AFNetworking
    - BindingX
    - CHXBannerView
    - CocoaAsyncSocket
    - DOPDropDownMenu-Enhanced
    - FSCalendar
    - GPUImage
    - GSKStretchyHeaderView
    - HcdDateTimePicker
    - LPPhotoViewer
    - Masonry
    - MBProgressHUD
    - RHAddressBook
    - SDCycleScrollView
    - SDWebImage
    - SocketRocket
    - SRMonthPicker
    - SSLunarDate
    - TOCropViewController
    - UCZProgressView
    - UIViewController_PopUp
    - WeexPluginLoader
    - WXDevtool
    - YYCache
    - YYImage
    - YYModel
    - YYWebImage
    - YZHeaderScaleImage
    - ZipArchive
    - zipzap
    - ZLPhotoBrowser

EXTERNAL SOURCES:
  farwolf:
    :path: farwolf
  farwolf.business:
    :path: farwolf.business
  farwolf.weex:
    :path: farwolf.weex
  LMTowDatePicker:
    :path: LMTowDatePicker
  photoplus:
    :path: photoplus
  WeexSDK:
    :path: sdk

SPEC CHECKSUMS:
  AFNetworking: b6f891fdfaed196b46c7a83cf209e09697b94057
  BindingX: b3c6c1c5dcd8e50277cfc5daad09d7010c227524
  CHXBannerView: bfbaede8576af318bd2ce6fa8dcdc0cbfbd9dab8
  CocoaAsyncSocket: eafaa68a7e0ec99ead0a7b35015e0bf25d2c8987
  DOPDropDownMenu-Enhanced: 9ec473b16351b5b0b2d6ef87e7f666fe5ff54ad5
  farwolf: cffc1a49cf83d3715b2f6cb7a410ebaf08ff281a
  farwolf.business: 6bb8ac0b1d72340d7c2be924ea7410ce6b628daa
  farwolf.weex: 89ac961b9fc6b5229d70d77a3d771aa412c73b83
  FSCalendar: a04b09f16f811bc92e82f3cf852a15225233b9d5
  GPUImage: 733a5f0fab92df9de1c37ba9df520a833ccb406d
  GSKStretchyHeaderView: affdd9f3ae6d6f3cea31dccf604367c617d037ad
  HcdDateTimePicker: 187736981f667f699d4d8d6ccc21621b55a6edb8
  LMTowDatePicker: 32e3d2699ca3dd39ccc4d0089116423f9b3cc420
  LPPhotoViewer: db52f4cd39d3c880cbb4439dfddfe1c2fdb23223
  Masonry: 281802d04d787ea2973179ee8bcb50500579ede2
  MBProgressHUD: 1569cf7ace17a8bac47aabfbb8580a49690386d1
  photoplus: 6d1111e958a2b0a14e857cfd08ef9cdc0541c855
  RHAddressBook: 870e9e0b34cb917b9c4c600fc3b7d5b530b23b13
  SDCycleScrollView: b3c9a5ed840c771c4938978174c7c9d9feefeb96
  SDWebImage: 96d7f03415ccb28d299d765f93557ff8a617abd8
  SocketRocket: ffe08119b00ef982f6c37052a4705a057c8494ad
  SRMonthPicker: d3c639e82f525f1c10d1ad7f4bbdf180d404942b
  SSLunarDate: d5d7d581f7e7e157c8d704a5f053b4ebcf760bba
  TOCropViewController: e6e31b38d785a901e5651a1e7fff71bcda6c5214
  UCZProgressView: 55836987c15ee6efb7cd6dfe297556602ee46c94
  UIViewController_PopUp: cc2747a3b80507a5551796a302f51ee9ebb65c06
  WeexPluginLoader: 85c1304f8ba29864e58531614a0acfeceef1b85c
  WeexSDK: cbfce0b2cf31f8846949aff51fda5074c292bbcf
  WXDevtool: 95b70c73c06fc3299d65bd53ba4b3e0b0087f3cb
  YYCache: 8105b6638f5e849296c71f331ff83891a4942952
  YYImage: 1e1b62a9997399593e4b9c4ecfbbabbf1d3f3b54
  YYModel: 2a7fdd96aaa4b86a824e26d0c517de8928c04b30
  YYWebImage: 5f7f36aee2ae293f016d418c7d6ba05c4863e928
  YZHeaderScaleImage: 1ca4ed11644a4ccad7c4370de2fcbc8f6e145793
  ZipArchive: e25a4373192673e3229ac8d6e9f64a3e5713c966
  zipzap: 940162d9c9c60472c2eab341385e4214da0fdf1c
  ZLPhotoBrowser: 7e88434918366af98f8ebbaf5b94206985812ed6

PODFILE CHECKSUM: 0c49aadc2d258a02a070da321565ca4d4ca0eedc

COCOAPODS: 1.8.4
